
Microsoft Visual Studio Solution File, Format Version 12.00
# Visual Studio Version 17
VisualStudioVersion = 17.4.33213.308
MinimumVisualStudioVersion = 10.0.40219.1
Project("{FAE04EC0-301F-11D3-BF4B-00C04F79EFBC}") = "Spiderman 2 Pizza Theme", "Spiderman 2 Pizza Theme\Spiderman 2 Pizza Theme.csproj", "{5E66BA59-F1CB-4542-A4C3-8F95A0740917}"
EndProject
Global
	GlobalSection(SolutionConfigurationPlatforms) = preSolution
		Debug|Any CPU = Debug|Any CPU
		Release|Any CPU = Release|Any CPU
	EndGlobalSection
	GlobalSection(ProjectConfigurationPlatforms) = postSolution
		{5E66BA59-F1CB-4542-A4C3-8F95A0740917}.Debug|Any CPU.ActiveCfg = Debug|Any CPU
		{5E66BA59-F1CB-4542-A4C3-8F95A0740917}.Debug|Any CPU.Build.0 = Debug|Any CPU
		{5E66BA59-F1CB-4542-A4C3-8F95A0740917}.Release|Any CPU.ActiveCfg = Release|Any CPU
		{5E66BA59-F1CB-4542-A4C3-8F95A0740917}.Release|Any CPU.Build.0 = Release|Any CPU
	EndGlobalSection
	GlobalSection(SolutionProperties) = preSolution
		HideSolutionNode = FALSE
	EndGlobalSection
	GlobalSection(ExtensibilityGlobals) = postSolution
		SolutionGuid = {F7DD36A1-CA08-4CEF-969D-1F2D061EDB80}
	EndGlobalSection
EndGlobal
